
Microsoft Visual Studio Solution File, Format Version 12.00
# Visual Studio Version 16
VisualStudioVersion = 16.0.30907.101
MinimumVisualStudioVersion = 10.0.40219.1
Project("{FAE04EC0-301F-11D3-BF4B-00C04F79EFBC}") = "AppSecAss2", "AppSecAss2\AppSecAss2.csproj", "{EA408FD8-71E8-4A2A-AD1F-3471FE97104E}"
EndProject
Global
	GlobalSection(SolutionConfigurationPlatforms) = preSolution
		Debug|Any CPU = Debug|Any CPU
		Release|Any CPU = Release|Any CPU
	EndGlobalSection
	GlobalSection(ProjectConfigurationPlatforms) = postSolution
		{EA408FD8-71E8-4A2A-AD1F-3471FE97104E}.Debug|Any CPU.ActiveCfg = Debug|Any CPU
		{EA408FD8-71E8-4A2A-AD1F-3471FE97104E}.Debug|Any CPU.Build.0 = Debug|Any CPU
		{EA408FD8-71E8-4A2A-AD1F-3471FE97104E}.Release|Any CPU.ActiveCfg = Release|Any CPU
		{EA408FD8-71E8-4A2A-AD1F-3471FE97104E}.Release|Any CPU.Build.0 = Release|Any CPU
	EndGlobalSection
	GlobalSection(SolutionProperties) = preSolution
		HideSolutionNode = FALSE
	EndGlobalSection
	GlobalSection(ExtensibilityGlobals) = postSolution
		SolutionGuid = {055DCC8E-F62B-4DD5-84F9-268579AC3F9F}
	EndGlobalSection
EndGlobal
